
Microsoft Visual Studio Solution File, Format Version 12.00
# Visual Studio 14
VisualStudioVersion = 14.0.24720.0
MinimumVisualStudioVersion = 10.0.40219.1
Project("{FAE04EC0-301F-11D3-BF4B-00C04F79EFBC}") = "ProductStore", "ProductStore\ProductStore.csproj", "{84306469-A95F-4BC8-A397-1CA6E46A56DB}"
EndProject
Project("{FAE04EC0-301F-11D3-BF4B-00C04F79EFBC}") = "ProductStoreClient", "ProductStoreClient\ProductStoreClient.csproj", "{B019B3E6-1575-41AC-9531-734F1B0B14F1}"
EndProject
Global
	GlobalSection(SolutionConfigurationPlatforms) = preSolution
		Debug|Any CPU = Debug|Any CPU
		Release|Any CPU = Release|Any CPU
	EndGlobalSection
	GlobalSection(ProjectConfigurationPlatforms) = postSolution
		{84306469-A95F-4BC8-A397-1CA6E46A56DB}.Debug|Any CPU.ActiveCfg = Debug|Any CPU
		{84306469-A95F-4BC8-A397-1CA6E46A56DB}.Debug|Any CPU.Build.0 = Debug|Any CPU
		{84306469-A95F-4BC8-A397-1CA6E46A56DB}.Release|Any CPU.ActiveCfg = Release|Any CPU
		{84306469-A95F-4BC8-A397-1CA6E46A56DB}.Release|Any CPU.Build.0 = Release|Any CPU
		{B019B3E6-1575-41AC-9531-734F1B0B14F1}.Debug|Any CPU.ActiveCfg = Debug|Any CPU
		{B019B3E6-1575-41AC-9531-734F1B0B14F1}.Debug|Any CPU.Build.0 = Debug|Any CPU
		{B019B3E6-1575-41AC-9531-734F1B0B14F1}.Release|Any CPU.ActiveCfg = Release|Any CPU
		{B019B3E6-1575-41AC-9531-734F1B0B14F1}.Release|Any CPU.Build.0 = Release|Any CPU
	EndGlobalSection
	GlobalSection(SolutionProperties) = preSolution
		HideSolutionNode = FALSE
	EndGlobalSection
EndGlobal
